<?xml version="1.0" encoding="utf-8"?>
<Project ToolsVersion="4.0" xmlns="http://schemas.microsoft.com/developer/msbuild/2003">
  <ItemGroup>
    <Filter Include="Source Files">
      <UniqueIdentifier>{4FC737F1-C7A5-4376-A066-2A32D752A2FF}</UniqueIdentifier>
      <Extensions>cpp;c;cc;cxx;c++;cppm;ixx;def;odl;idl;hpj;bat;asm;asmx</Extensions>
    </Filter>
    <Filter Include="Header Files">
      <UniqueIdentifier>{93995380-89BD-4b04-88EB-625FBE52EBFB}</UniqueIdentifier>
      <Extensions>h;hh;hpp;hxx;h++;hm;inl;inc;ipp;xsd</Extensions>
    </Filter>
    <Filter Include="Resource Files">
      <UniqueIdentifier>{67DA6AB6-F800-4c08-8B7A-83BB121AAD01}</UniqueIdentifier>
      <Extensions>rc;ico;cur;bmp;dlg;rc2;rct;bin;rgs;gif;jpg;jpeg;jpe;resx;tiff;tif;png;wav;mfcribbon-ms</Extensions>
    </Filter>
    <Filter Include="Header Files\Lexer">
      <UniqueIdentifier>{3415785d-075f-4599-be07-2e529c6fe6ee}</UniqueIdentifier>
    </Filter>
    <Filter Include="Source Files\Lexer">
      <UniqueIdentifier>{0f4317d9-b5f7-4c6d-8d8c-400477c6c918}</UniqueIdentifier>
    </Filter>
    <Filter Include="Header Files\ParserCore">
      <UniqueIdentifier>{519359b9-151f-4c0e-868f-2845f52a678b}</UniqueIdentifier>
    </Filter>
    <Filter Include="Header Files\Common">
      <UniqueIdentifier>{16c18f4c-d5c1-4dab-9e14-65914abd2b60}</UniqueIdentifier>
    </Filter>
    <Filter Include="Source Files\Common">
      <UniqueIdentifier>{12229194-4892-4ba9-9f38-cd8bd7fa7a3c}</UniqueIdentifier>
    </Filter>
    <Filter Include="Source Files\Parser">
      <UniqueIdentifier>{b774b4d3-d154-4425-bb18-17c0c5300b88}</UniqueIdentifier>
    </Filter>
    <Filter Include="Header Files\Parser">
      <UniqueIdentifier>{d7afb13c-c9c9-4859-8b4c-8b021c7f9284}</UniqueIdentifier>
    </Filter>
  </ItemGroup>
  <ItemGroup>
    <ClInclude Include="Token.h">
      <Filter>Header Files\Lexer</Filter>
    </ClInclude>
    <ClInclude Include="Combinator.h">
      <Filter>Header Files\ParserCore</Filter>
    </ClInclude>
    <ClInclude Include="Specific.h">
      <Filter>Header Files\ParserCore</Filter>
    </ClInclude>
    <ClInclude Include="Parser.h">
      <Filter>Header Files\ParserCore</Filter>
    </ClInclude>
    <ClInclude Include="Primitive.h">
      <Filter>Header Files\ParserCore</Filter>
    </ClInclude>
    <ClInclude Include="Debug.h">
      <Filter>Header Files\Common</Filter>
    </ClInclude>
    <ClInclude Include="Diagnostic.h">
      <Filter>Header Files\Common</Filter>
    </ClInclude>
    <ClInclude Include="Result.h">
      <Filter>Header Files\Common</Filter>
    </ClInclude>
    <ClInclude Include="Span.h">
      <Filter>Header Files\Common</Filter>
    </ClInclude>
    <ClInclude Include="Stream.h">
      <Filter>Header Files\Common</Filter>
    </ClInclude>
    <ClInclude Include="VariantName.h">
      <Filter>Header Files\Common</Filter>
    </ClInclude>
    <ClInclude Include="Lexer.h">
      <Filter>Header Files\Lexer</Filter>
    </ClInclude>
    <ClInclude Include="Identifier.h">
      <Filter>Header Files\Parser</Filter>
    </ClInclude>
    <ClInclude Include="Type.h">
      <Filter>Header Files\Parser</Filter>
    </ClInclude>
    <ClInclude Include="Expression.h">
      <Filter>Header Files\Parser</Filter>
    </ClInclude>
    <ClInclude Include="Box.h">
      <Filter>Header Files\Common</Filter>
    </ClInclude>
  </ItemGroup>
  <ItemGroup>
    <None Include=".clang-format" />
    <None Include="source" />
  </ItemGroup>
  <ItemGroup>
    <ClCompile Include="main.cpp">
      <Filter>Source Files</Filter>
    </ClCompile>
    <ClCompile Include="Debug.cpp">
      <Filter>Source Files\Common</Filter>
    </ClCompile>
    <ClCompile Include="Diagnostic.cpp">
      <Filter>Source Files\Common</Filter>
    </ClCompile>
    <ClCompile Include="VariantName.cpp">
      <Filter>Source Files\Common</Filter>
    </ClCompile>
    <ClCompile Include="Lexer.cpp">
      <Filter>Source Files\Lexer</Filter>
    </ClCompile>
    <ClCompile Include="Identifier.cpp">
      <Filter>Source Files\Parser</Filter>
    </ClCompile>
    <ClCompile Include="Type.cpp">
      <Filter>Source Files\Parser</Filter>
    </ClCompile>
    <ClCompile Include="Expression.cpp">
      <Filter>Source Files\Parser</Filter>
    </ClCompile>
  </ItemGroup>
</Project>